
Microsoft Visual Studio Solution File, Format Version 12.00
# Visual Studio 15
VisualStudioVersion = 15.0.27130.2036
MinimumVisualStudioVersion = 10.0.40219.1
Project("{9A19103F-16F7-4668-BE54-9A1E7A4F7556}") = "TestProject", "TestProject\TestProject.csproj", "{55C31697-8A0D-42C3-BE37-A76A002169B5}"
EndProject
Project("{9A19103F-16F7-4668-BE54-9A1E7A4F7556}") = "Odd-lines", "Odd-lines\Odd-lines.csproj", "{F6C4E2EC-4EB6-4BB7-911F-6667EB35AC0A}"
EndProject
Project("{FAE04EC0-301F-11D3-BF4B-00C04F79EFBC}") = "Insert-line-numbers", "Insert-line-numbers\Insert-line-numbers.csproj", "{3AD3B278-6146-4A41-A766-B458ACC25459}"
EndProject
Project("{FAE04EC0-301F-11D3-BF4B-00C04F79EFBC}") = "Word-count", "Word-count\Word-count.csproj", "{1C680CD2-DA13-4DA6-9489-F6F03EC478DC}"
EndProject
Global
	GlobalSection(SolutionConfigurationPlatforms) = preSolution
		Debug|Any CPU = Debug|Any CPU
		Release|Any CPU = Release|Any CPU
	EndGlobalSection
	GlobalSection(ProjectConfigurationPlatforms) = postSolution
		{55C31697-8A0D-42C3-BE37-A76A002169B5}.Debug|Any CPU.ActiveCfg = Debug|Any CPU
		{55C31697-8A0D-42C3-BE37-A76A002169B5}.Debug|Any CPU.Build.0 = Debug|Any CPU
		{55C31697-8A0D-42C3-BE37-A76A002169B5}.Release|Any CPU.ActiveCfg = Release|Any CPU
		{55C31697-8A0D-42C3-BE37-A76A002169B5}.Release|Any CPU.Build.0 = Release|Any CPU
		{F6C4E2EC-4EB6-4BB7-911F-6667EB35AC0A}.Debug|Any CPU.ActiveCfg = Debug|Any CPU
		{F6C4E2EC-4EB6-4BB7-911F-6667EB35AC0A}.Debug|Any CPU.Build.0 = Debug|Any CPU
		{F6C4E2EC-4EB6-4BB7-911F-6667EB35AC0A}.Release|Any CPU.ActiveCfg = Release|Any CPU
		{F6C4E2EC-4EB6-4BB7-911F-6667EB35AC0A}.Release|Any CPU.Build.0 = Release|Any CPU
		{3AD3B278-6146-4A41-A766-B458ACC25459}.Debug|Any CPU.ActiveCfg = Debug|Any CPU
		{3AD3B278-6146-4A41-A766-B458ACC25459}.Debug|Any CPU.Build.0 = Debug|Any CPU
		{3AD3B278-6146-4A41-A766-B458ACC25459}.Release|Any CPU.ActiveCfg = Release|Any CPU
		{3AD3B278-6146-4A41-A766-B458ACC25459}.Release|Any CPU.Build.0 = Release|Any CPU
		{1C680CD2-DA13-4DA6-9489-F6F03EC478DC}.Debug|Any CPU.ActiveCfg = Debug|Any CPU
		{1C680CD2-DA13-4DA6-9489-F6F03EC478DC}.Debug|Any CPU.Build.0 = Debug|Any CPU
		{1C680CD2-DA13-4DA6-9489-F6F03EC478DC}.Release|Any CPU.ActiveCfg = Release|Any CPU
		{1C680CD2-DA13-4DA6-9489-F6F03EC478DC}.Release|Any CPU.Build.0 = Release|Any CPU
	EndGlobalSection
	GlobalSection(SolutionProperties) = preSolution
		HideSolutionNode = FALSE
	EndGlobalSection
	GlobalSection(ExtensibilityGlobals) = postSolution
		SolutionGuid = {883ADA72-EB77-4989-B2DD-0B88FD44DFD8}
	EndGlobalSection
EndGlobal
