
Microsoft Visual Studio Solution File, Format Version 12.00
# Visual Studio 15
VisualStudioVersion = 15.0.27130.2026
MinimumVisualStudioVersion = 10.0.40219.1
Project("{FAE04EC0-301F-11D3-BF4B-00C04F79EFBC}") = "Centuries-to-minutes", "Centuries-to-minutes\Centuries-to-minutes.csproj", "{F6B1656B-6B1F-4278-A6BD-8281F9474CFE}"
EndProject
Project("{FAE04EC0-301F-11D3-BF4B-00C04F79EFBC}") = "Circle-area-12-digit-precision", "Circle-area-12-digit-precision\Circle-area-12-digit-precision.csproj", "{063F7D67-BB59-462F-BBCA-A0B7331EACBE}"
EndProject
Project("{FAE04EC0-301F-11D3-BF4B-00C04F79EFBC}") = "Exact-sum-of-real-nums", "Exact-sum-of-real-nums\Exact-sum-of-real-nums.csproj", "{EFD599F1-FA2E-4A2C-9949-BD4B99718AD9}"
EndProject
Project("{FAE04EC0-301F-11D3-BF4B-00C04F79EFBC}") = "Elevator", "Elevator\Elevator.csproj", "{C9AECF2E-6F58-4D35-8523-33BB553E1001}"
EndProject
Project("{FAE04EC0-301F-11D3-BF4B-00C04F79EFBC}") = "Special-numbers", "Special-numbers\Special-numbers.csproj", "{12FF983F-CBF4-4312-B026-0BAD640C9EB8}"
EndProject
Project("{FAE04EC0-301F-11D3-BF4B-00C04F79EFBC}") = "Triples-of-latin-letters", "Triples-of-latin-letters\Triples-of-latin-letters.csproj", "{AC430FD7-5049-40D4-8F54-0E7A90D689DA}"
EndProject
Project("{FAE04EC0-301F-11D3-BF4B-00C04F79EFBC}") = "Greeting", "Greeting\Greeting.csproj", "{80CC0B26-5943-478C-BF98-2CAAFD0091F8}"
EndProject
Project("{FAE04EC0-301F-11D3-BF4B-00C04F79EFBC}") = "Refactor-volume-of-pyramid", "Refactor-volume-of-pyramid\Refactor-volume-of-pyramid.csproj", "{B0E57910-7CB8-4FAE-B01B-47ECBDC340E0}"
EndProject
Project("{FAE04EC0-301F-11D3-BF4B-00C04F79EFBC}") = "Refactor-special-numbers", "Refactor-special-numbers\Refactor-special-numbers.csproj", "{3D813CEE-6DAA-4F1D-B91C-61A884984A2C}"
EndProject
Global
	GlobalSection(SolutionConfigurationPlatforms) = preSolution
		Debug|Any CPU = Debug|Any CPU
		Release|Any CPU = Release|Any CPU
	EndGlobalSection
	GlobalSection(ProjectConfigurationPlatforms) = postSolution
		{F6B1656B-6B1F-4278-A6BD-8281F9474CFE}.Debug|Any CPU.ActiveCfg = Debug|Any CPU
		{F6B1656B-6B1F-4278-A6BD-8281F9474CFE}.Debug|Any CPU.Build.0 = Debug|Any CPU
		{F6B1656B-6B1F-4278-A6BD-8281F9474CFE}.Release|Any CPU.ActiveCfg = Release|Any CPU
		{F6B1656B-6B1F-4278-A6BD-8281F9474CFE}.Release|Any CPU.Build.0 = Release|Any CPU
		{063F7D67-BB59-462F-BBCA-A0B7331EACBE}.Debug|Any CPU.ActiveCfg = Debug|Any CPU
		{063F7D67-BB59-462F-BBCA-A0B7331EACBE}.Debug|Any CPU.Build.0 = Debug|Any CPU
		{063F7D67-BB59-462F-BBCA-A0B7331EACBE}.Release|Any CPU.ActiveCfg = Release|Any CPU
		{063F7D67-BB59-462F-BBCA-A0B7331EACBE}.Release|Any CPU.Build.0 = Release|Any CPU
		{EFD599F1-FA2E-4A2C-9949-BD4B99718AD9}.Debug|Any CPU.ActiveCfg = Debug|Any CPU
		{EFD599F1-FA2E-4A2C-9949-BD4B99718AD9}.Debug|Any CPU.Build.0 = Debug|Any CPU
		{EFD599F1-FA2E-4A2C-9949-BD4B99718AD9}.Release|Any CPU.ActiveCfg = Release|Any CPU
		{EFD599F1-FA2E-4A2C-9949-BD4B99718AD9}.Release|Any CPU.Build.0 = Release|Any CPU
		{C9AECF2E-6F58-4D35-8523-33BB553E1001}.Debug|Any CPU.ActiveCfg = Debug|Any CPU
		{C9AECF2E-6F58-4D35-8523-33BB553E1001}.Debug|Any CPU.Build.0 = Debug|Any CPU
		{C9AECF2E-6F58-4D35-8523-33BB553E1001}.Release|Any CPU.ActiveCfg = Release|Any CPU
		{C9AECF2E-6F58-4D35-8523-33BB553E1001}.Release|Any CPU.Build.0 = Release|Any CPU
		{12FF983F-CBF4-4312-B026-0BAD640C9EB8}.Debug|Any CPU.ActiveCfg = Debug|Any CPU
		{12FF983F-CBF4-4312-B026-0BAD640C9EB8}.Debug|Any CPU.Build.0 = Debug|Any CPU
		{12FF983F-CBF4-4312-B026-0BAD640C9EB8}.Release|Any CPU.ActiveCfg = Release|Any CPU
		{12FF983F-CBF4-4312-B026-0BAD640C9EB8}.Release|Any CPU.Build.0 = Release|Any CPU
		{AC430FD7-5049-40D4-8F54-0E7A90D689DA}.Debug|Any CPU.ActiveCfg = Debug|Any CPU
		{AC430FD7-5049-40D4-8F54-0E7A90D689DA}.Debug|Any CPU.Build.0 = Debug|Any CPU
		{AC430FD7-5049-40D4-8F54-0E7A90D689DA}.Release|Any CPU.ActiveCfg = Release|Any CPU
		{AC430FD7-5049-40D4-8F54-0E7A90D689DA}.Release|Any CPU.Build.0 = Release|Any CPU
		{80CC0B26-5943-478C-BF98-2CAAFD0091F8}.Debug|Any CPU.ActiveCfg = Debug|Any CPU
		{80CC0B26-5943-478C-BF98-2CAAFD0091F8}.Debug|Any CPU.Build.0 = Debug|Any CPU
		{80CC0B26-5943-478C-BF98-2CAAFD0091F8}.Release|Any CPU.ActiveCfg = Release|Any CPU
		{80CC0B26-5943-478C-BF98-2CAAFD0091F8}.Release|Any CPU.Build.0 = Release|Any CPU
		{B0E57910-7CB8-4FAE-B01B-47ECBDC340E0}.Debug|Any CPU.ActiveCfg = Debug|Any CPU
		{B0E57910-7CB8-4FAE-B01B-47ECBDC340E0}.Debug|Any CPU.Build.0 = Debug|Any CPU
		{B0E57910-7CB8-4FAE-B01B-47ECBDC340E0}.Release|Any CPU.ActiveCfg = Release|Any CPU
		{B0E57910-7CB8-4FAE-B01B-47ECBDC340E0}.Release|Any CPU.Build.0 = Release|Any CPU
		{3D813CEE-6DAA-4F1D-B91C-61A884984A2C}.Debug|Any CPU.ActiveCfg = Debug|Any CPU
		{3D813CEE-6DAA-4F1D-B91C-61A884984A2C}.Debug|Any CPU.Build.0 = Debug|Any CPU
		{3D813CEE-6DAA-4F1D-B91C-61A884984A2C}.Release|Any CPU.ActiveCfg = Release|Any CPU
		{3D813CEE-6DAA-4F1D-B91C-61A884984A2C}.Release|Any CPU.Build.0 = Release|Any CPU
	EndGlobalSection
	GlobalSection(SolutionProperties) = preSolution
		HideSolutionNode = FALSE
	EndGlobalSection
	GlobalSection(ExtensibilityGlobals) = postSolution
		SolutionGuid = {F3E5BE45-E9AF-4E17-ADDE-3F575F163B72}
	EndGlobalSection
EndGlobal
