
Microsoft Visual Studio Solution File, Format Version 12.00
# Visual Studio 15
VisualStudioVersion = 15.0.27130.2024
MinimumVisualStudioVersion = 10.0.40219.1
Project("{9A19103F-16F7-4668-BE54-9A1E7A4F7556}") = "01. Passed", "01. Passed\01. Passed.csproj", "{2F39CFCD-40F1-4C51-B770-BF6019AB940B}"
EndProject
Project("{9A19103F-16F7-4668-BE54-9A1E7A4F7556}") = "02. Passed-or-failed", "02. Passed-or-failed\02. Passed-or-failed.csproj", "{9E6350ED-3AFF-4556-8D5C-D815855F6325}"
EndProject
Project("{9A19103F-16F7-4668-BE54-9A1E7A4F7556}") = "03. Back-in-30-minutes", "03. Back-in-30-minutes\03. Back-in-30-minutes.csproj", "{FD98A6F1-5A69-4CB9-8E5A-7B1CA2877DEC}"
EndProject
Project("{9A19103F-16F7-4668-BE54-9A1E7A4F7556}") = "04. Month-printer", "04. Month-printer\04. Month-printer.csproj", "{C9172EAE-2CEE-4298-B6E0-CC0F7B1258A3}"
EndProject
Project("{9A19103F-16F7-4668-BE54-9A1E7A4F7556}") = "05. Foreign-language", "05. Foreign-language\05. Foreign-language.csproj", "{09609B74-9066-4B6E-B06D-BE703C65DBAF}"
EndProject
Project("{9A19103F-16F7-4668-BE54-9A1E7A4F7556}") = "06. Theater-promotion", "06. Theater-promotion\06. Theater-promotion.csproj", "{E258F781-2619-4049-8067-6B24AB2D240F}"
EndProject
Project("{FAE04EC0-301F-11D3-BF4B-00C04F79EFBC}") = "07. Divisible-by-3", "07. Divisible-by-3\07. Divisible-by-3.csproj", "{DB9E3053-28A4-486B-B966-66682F4D7FC4}"
EndProject
Project("{FAE04EC0-301F-11D3-BF4B-00C04F79EFBC}") = "08. Sum-of-odd-numbers", "08. Sum-of-odd-numbers\08. Sum-of-odd-numbers.csproj", "{306014F1-1BA4-4EB4-BC64-4FCD7F71608B}"
EndProject
Project("{FAE04EC0-301F-11D3-BF4B-00C04F79EFBC}") = "09. Multiplication-table", "09. Multiplication-table\09. Multiplication-table.csproj", "{77E4C53D-BC35-4BDC-969B-38AFD2498B80}"
EndProject
Project("{FAE04EC0-301F-11D3-BF4B-00C04F79EFBC}") = "10. Multiplication-table-2.0", "10. Multiplication-table-2.0\10. Multiplication-table-2.0.csproj", "{5C86BC1F-42C2-4550-8A4F-2A6B71B47776}"
EndProject
Project("{FAE04EC0-301F-11D3-BF4B-00C04F79EFBC}") = "11. Odd-number", "11. Odd-number\11. Odd-number.csproj", "{6C667356-E5E2-438C-A241-187E26A519B1}"
EndProject
Project("{FAE04EC0-301F-11D3-BF4B-00C04F79EFBC}") = "12. Number-checker", "12. Number-checker\12. Number-checker.csproj", "{FA2A6CEC-B479-4B8B-B068-F4D5BB33F0FE}"
EndProject
Global
	GlobalSection(SolutionConfigurationPlatforms) = preSolution
		Debug|Any CPU = Debug|Any CPU
		Release|Any CPU = Release|Any CPU
	EndGlobalSection
	GlobalSection(ProjectConfigurationPlatforms) = postSolution
		{2F39CFCD-40F1-4C51-B770-BF6019AB940B}.Debug|Any CPU.ActiveCfg = Debug|Any CPU
		{2F39CFCD-40F1-4C51-B770-BF6019AB940B}.Debug|Any CPU.Build.0 = Debug|Any CPU
		{2F39CFCD-40F1-4C51-B770-BF6019AB940B}.Release|Any CPU.ActiveCfg = Release|Any CPU
		{2F39CFCD-40F1-4C51-B770-BF6019AB940B}.Release|Any CPU.Build.0 = Release|Any CPU
		{9E6350ED-3AFF-4556-8D5C-D815855F6325}.Debug|Any CPU.ActiveCfg = Debug|Any CPU
		{9E6350ED-3AFF-4556-8D5C-D815855F6325}.Debug|Any CPU.Build.0 = Debug|Any CPU
		{9E6350ED-3AFF-4556-8D5C-D815855F6325}.Release|Any CPU.ActiveCfg = Release|Any CPU
		{9E6350ED-3AFF-4556-8D5C-D815855F6325}.Release|Any CPU.Build.0 = Release|Any CPU
		{FD98A6F1-5A69-4CB9-8E5A-7B1CA2877DEC}.Debug|Any CPU.ActiveCfg = Debug|Any CPU
		{FD98A6F1-5A69-4CB9-8E5A-7B1CA2877DEC}.Debug|Any CPU.Build.0 = Debug|Any CPU
		{FD98A6F1-5A69-4CB9-8E5A-7B1CA2877DEC}.Release|Any CPU.ActiveCfg = Release|Any CPU
		{FD98A6F1-5A69-4CB9-8E5A-7B1CA2877DEC}.Release|Any CPU.Build.0 = Release|Any CPU
		{C9172EAE-2CEE-4298-B6E0-CC0F7B1258A3}.Debug|Any CPU.ActiveCfg = Debug|Any CPU
		{C9172EAE-2CEE-4298-B6E0-CC0F7B1258A3}.Debug|Any CPU.Build.0 = Debug|Any CPU
		{C9172EAE-2CEE-4298-B6E0-CC0F7B1258A3}.Release|Any CPU.ActiveCfg = Release|Any CPU
		{C9172EAE-2CEE-4298-B6E0-CC0F7B1258A3}.Release|Any CPU.Build.0 = Release|Any CPU
		{09609B74-9066-4B6E-B06D-BE703C65DBAF}.Debug|Any CPU.ActiveCfg = Debug|Any CPU
		{09609B74-9066-4B6E-B06D-BE703C65DBAF}.Debug|Any CPU.Build.0 = Debug|Any CPU
		{09609B74-9066-4B6E-B06D-BE703C65DBAF}.Release|Any CPU.ActiveCfg = Release|Any CPU
		{09609B74-9066-4B6E-B06D-BE703C65DBAF}.Release|Any CPU.Build.0 = Release|Any CPU
		{E258F781-2619-4049-8067-6B24AB2D240F}.Debug|Any CPU.ActiveCfg = Debug|Any CPU
		{E258F781-2619-4049-8067-6B24AB2D240F}.Debug|Any CPU.Build.0 = Debug|Any CPU
		{E258F781-2619-4049-8067-6B24AB2D240F}.Release|Any CPU.ActiveCfg = Release|Any CPU
		{E258F781-2619-4049-8067-6B24AB2D240F}.Release|Any CPU.Build.0 = Release|Any CPU
		{DB9E3053-28A4-486B-B966-66682F4D7FC4}.Debug|Any CPU.ActiveCfg = Debug|Any CPU
		{DB9E3053-28A4-486B-B966-66682F4D7FC4}.Debug|Any CPU.Build.0 = Debug|Any CPU
		{DB9E3053-28A4-486B-B966-66682F4D7FC4}.Release|Any CPU.ActiveCfg = Release|Any CPU
		{DB9E3053-28A4-486B-B966-66682F4D7FC4}.Release|Any CPU.Build.0 = Release|Any CPU
		{306014F1-1BA4-4EB4-BC64-4FCD7F71608B}.Debug|Any CPU.ActiveCfg = Debug|Any CPU
		{306014F1-1BA4-4EB4-BC64-4FCD7F71608B}.Debug|Any CPU.Build.0 = Debug|Any CPU
		{306014F1-1BA4-4EB4-BC64-4FCD7F71608B}.Release|Any CPU.ActiveCfg = Release|Any CPU
		{306014F1-1BA4-4EB4-BC64-4FCD7F71608B}.Release|Any CPU.Build.0 = Release|Any CPU
		{77E4C53D-BC35-4BDC-969B-38AFD2498B80}.Debug|Any CPU.ActiveCfg = Debug|Any CPU
		{77E4C53D-BC35-4BDC-969B-38AFD2498B80}.Debug|Any CPU.Build.0 = Debug|Any CPU
		{77E4C53D-BC35-4BDC-969B-38AFD2498B80}.Release|Any CPU.ActiveCfg = Release|Any CPU
		{77E4C53D-BC35-4BDC-969B-38AFD2498B80}.Release|Any CPU.Build.0 = Release|Any CPU
		{5C86BC1F-42C2-4550-8A4F-2A6B71B47776}.Debug|Any CPU.ActiveCfg = Debug|Any CPU
		{5C86BC1F-42C2-4550-8A4F-2A6B71B47776}.Debug|Any CPU.Build.0 = Debug|Any CPU
		{5C86BC1F-42C2-4550-8A4F-2A6B71B47776}.Release|Any CPU.ActiveCfg = Release|Any CPU
		{5C86BC1F-42C2-4550-8A4F-2A6B71B47776}.Release|Any CPU.Build.0 = Release|Any CPU
		{6C667356-E5E2-438C-A241-187E26A519B1}.Debug|Any CPU.ActiveCfg = Debug|Any CPU
		{6C667356-E5E2-438C-A241-187E26A519B1}.Debug|Any CPU.Build.0 = Debug|Any CPU
		{6C667356-E5E2-438C-A241-187E26A519B1}.Release|Any CPU.ActiveCfg = Release|Any CPU
		{6C667356-E5E2-438C-A241-187E26A519B1}.Release|Any CPU.Build.0 = Release|Any CPU
		{FA2A6CEC-B479-4B8B-B068-F4D5BB33F0FE}.Debug|Any CPU.ActiveCfg = Debug|Any CPU
		{FA2A6CEC-B479-4B8B-B068-F4D5BB33F0FE}.Debug|Any CPU.Build.0 = Debug|Any CPU
		{FA2A6CEC-B479-4B8B-B068-F4D5BB33F0FE}.Release|Any CPU.ActiveCfg = Release|Any CPU
		{FA2A6CEC-B479-4B8B-B068-F4D5BB33F0FE}.Release|Any CPU.Build.0 = Release|Any CPU
	EndGlobalSection
	GlobalSection(SolutionProperties) = preSolution
		HideSolutionNode = FALSE
	EndGlobalSection
	GlobalSection(ExtensibilityGlobals) = postSolution
		SolutionGuid = {51204BAD-3759-457E-B730-A8A379A4FC00}
	EndGlobalSection
EndGlobal
