
Microsoft Visual Studio Solution File, Format Version 12.00
# Visual Studio 15
VisualStudioVersion = 15.0.27130.2036
MinimumVisualStudioVersion = 10.0.40219.1
Project("{9A19103F-16F7-4668-BE54-9A1E7A4F7556}") = "TestProject", "TestProject\TestProject.csproj", "{FC5FC950-4370-43D6-9434-C72A7CC7839B}"
EndProject
Project("{FAE04EC0-301F-11D3-BF4B-00C04F79EFBC}") = "Count-substring-occurrences", "Count-substring-occurrences\Count-substring-occurrences.csproj", "{3FFBB052-2F59-4A52-BA37-68E5AFB3A192}"
EndProject
Project("{FAE04EC0-301F-11D3-BF4B-00C04F79EFBC}") = "Text-filter", "Text-filter\Text-filter.csproj", "{765F5656-CD78-4019-B857-02959B96B57E}"
EndProject
Project("{FAE04EC0-301F-11D3-BF4B-00C04F79EFBC}") = "Reverse-string", "Reverse-string\Reverse-string.csproj", "{A97BCED0-B78F-411B-970B-1158538BEFAE}"
EndProject
Project("{FAE04EC0-301F-11D3-BF4B-00C04F79EFBC}") = "String-concatination", "String-concatination\String-concatination.csproj", "{7474A9CE-C822-489C-B455-D6B61DDE94AC}"
EndProject
Global
	GlobalSection(SolutionConfigurationPlatforms) = preSolution
		Debug|Any CPU = Debug|Any CPU
		Release|Any CPU = Release|Any CPU
	EndGlobalSection
	GlobalSection(ProjectConfigurationPlatforms) = postSolution
		{FC5FC950-4370-43D6-9434-C72A7CC7839B}.Debug|Any CPU.ActiveCfg = Debug|Any CPU
		{FC5FC950-4370-43D6-9434-C72A7CC7839B}.Debug|Any CPU.Build.0 = Debug|Any CPU
		{FC5FC950-4370-43D6-9434-C72A7CC7839B}.Release|Any CPU.ActiveCfg = Release|Any CPU
		{FC5FC950-4370-43D6-9434-C72A7CC7839B}.Release|Any CPU.Build.0 = Release|Any CPU
		{3FFBB052-2F59-4A52-BA37-68E5AFB3A192}.Debug|Any CPU.ActiveCfg = Debug|Any CPU
		{3FFBB052-2F59-4A52-BA37-68E5AFB3A192}.Debug|Any CPU.Build.0 = Debug|Any CPU
		{3FFBB052-2F59-4A52-BA37-68E5AFB3A192}.Release|Any CPU.ActiveCfg = Release|Any CPU
		{3FFBB052-2F59-4A52-BA37-68E5AFB3A192}.Release|Any CPU.Build.0 = Release|Any CPU
		{765F5656-CD78-4019-B857-02959B96B57E}.Debug|Any CPU.ActiveCfg = Debug|Any CPU
		{765F5656-CD78-4019-B857-02959B96B57E}.Debug|Any CPU.Build.0 = Debug|Any CPU
		{765F5656-CD78-4019-B857-02959B96B57E}.Release|Any CPU.ActiveCfg = Release|Any CPU
		{765F5656-CD78-4019-B857-02959B96B57E}.Release|Any CPU.Build.0 = Release|Any CPU
		{A97BCED0-B78F-411B-970B-1158538BEFAE}.Debug|Any CPU.ActiveCfg = Debug|Any CPU
		{A97BCED0-B78F-411B-970B-1158538BEFAE}.Debug|Any CPU.Build.0 = Debug|Any CPU
		{A97BCED0-B78F-411B-970B-1158538BEFAE}.Release|Any CPU.ActiveCfg = Release|Any CPU
		{A97BCED0-B78F-411B-970B-1158538BEFAE}.Release|Any CPU.Build.0 = Release|Any CPU
		{7474A9CE-C822-489C-B455-D6B61DDE94AC}.Debug|Any CPU.ActiveCfg = Debug|Any CPU
		{7474A9CE-C822-489C-B455-D6B61DDE94AC}.Debug|Any CPU.Build.0 = Debug|Any CPU
		{7474A9CE-C822-489C-B455-D6B61DDE94AC}.Release|Any CPU.ActiveCfg = Release|Any CPU
		{7474A9CE-C822-489C-B455-D6B61DDE94AC}.Release|Any CPU.Build.0 = Release|Any CPU
	EndGlobalSection
	GlobalSection(SolutionProperties) = preSolution
		HideSolutionNode = FALSE
	EndGlobalSection
	GlobalSection(ExtensibilityGlobals) = postSolution
		SolutionGuid = {7CE541C9-6B76-4C2A-9DB8-23A81A8A6516}
	EndGlobalSection
EndGlobal
