
Microsoft Visual Studio Solution File, Format Version 12.00
# Visual Studio 15
VisualStudioVersion = 15.0.27130.2024
MinimumVisualStudioVersion = 10.0.40219.1
Project("{FAE04EC0-301F-11D3-BF4B-00C04F79EFBC}") = "01. Greeting", "01. Greeting\01. Greeting.csproj", "{BFAEA01D-2327-4FC2-936D-10EEDEE4C31C}"
EndProject
Project("{FAE04EC0-301F-11D3-BF4B-00C04F79EFBC}") = "02. Add-two-numbers", "02. Add-two-numbers\02. Add-two-numbers.csproj", "{4E79C077-BE49-47F3-BFB4-8ED4896D37E1}"
EndProject
Project("{FAE04EC0-301F-11D3-BF4B-00C04F79EFBC}") = "03. Employee-data", "03. Employee-data\03. Employee-data.csproj", "{4577D54C-FC13-4D30-9A69-B3BFF9EEE210}"
EndProject
Global
	GlobalSection(SolutionConfigurationPlatforms) = preSolution
		Debug|Any CPU = Debug|Any CPU
		Release|Any CPU = Release|Any CPU
	EndGlobalSection
	GlobalSection(ProjectConfigurationPlatforms) = postSolution
		{BFAEA01D-2327-4FC2-936D-10EEDEE4C31C}.Debug|Any CPU.ActiveCfg = Debug|Any CPU
		{BFAEA01D-2327-4FC2-936D-10EEDEE4C31C}.Debug|Any CPU.Build.0 = Debug|Any CPU
		{BFAEA01D-2327-4FC2-936D-10EEDEE4C31C}.Release|Any CPU.ActiveCfg = Release|Any CPU
		{BFAEA01D-2327-4FC2-936D-10EEDEE4C31C}.Release|Any CPU.Build.0 = Release|Any CPU
		{4E79C077-BE49-47F3-BFB4-8ED4896D37E1}.Debug|Any CPU.ActiveCfg = Debug|Any CPU
		{4E79C077-BE49-47F3-BFB4-8ED4896D37E1}.Debug|Any CPU.Build.0 = Debug|Any CPU
		{4E79C077-BE49-47F3-BFB4-8ED4896D37E1}.Release|Any CPU.ActiveCfg = Release|Any CPU
		{4E79C077-BE49-47F3-BFB4-8ED4896D37E1}.Release|Any CPU.Build.0 = Release|Any CPU
		{4577D54C-FC13-4D30-9A69-B3BFF9EEE210}.Debug|Any CPU.ActiveCfg = Debug|Any CPU
		{4577D54C-FC13-4D30-9A69-B3BFF9EEE210}.Debug|Any CPU.Build.0 = Debug|Any CPU
		{4577D54C-FC13-4D30-9A69-B3BFF9EEE210}.Release|Any CPU.ActiveCfg = Release|Any CPU
		{4577D54C-FC13-4D30-9A69-B3BFF9EEE210}.Release|Any CPU.Build.0 = Release|Any CPU
	EndGlobalSection
	GlobalSection(SolutionProperties) = preSolution
		HideSolutionNode = FALSE
	EndGlobalSection
	GlobalSection(ExtensibilityGlobals) = postSolution
		SolutionGuid = {2DF91F44-7E69-4BFD-864C-004A6F650E75}
	EndGlobalSection
EndGlobal
